{
  "name": "centralita",
  "version": "1.0.0",
  "lockfileVersion": 3,
  "requires": true,
  "packages": {
    "": {
      "name": "centralita",
      "version": "1.0.0",
      "license": "ISC",
      "dependencies": {
        "@happyrobot-ai/sdk": "^0.1.48"
      },
      "devDependencies": {
        "playwright": "^1.63.0"
      }
    },
    "node_modules/@happyrobot-ai/sdk": {
      "version": "0.1.48",
      "resolved": "https://registry.npmjs.org/@happyrobot-ai/sdk/-/sdk-0.1.48.tgz",
      "integrity": "sha512-fMwZfBcmC2l6/10cKvw6RYpDUzzaIIJ4P8AxLdgCIi1yIqG1iRVxqYD1SwvHLsTZlIbNrAObhh0T+g5VU9tOgw==",
      "license": "MIT",
      "engines": {
        "node": ">=18"
      },
      "peerDependencies": {
        "livekit-client": "^2.13.0"
      },
      "peerDependenciesMeta": {
        "livekit-client": {
          "optional": true
        }
      }
    },
    "node_modules/playwright": {
      "version": "1.63.0",
      "resolved": "https://registry.npmjs.org/playwright/-/playwright-1.63.0.tgz",
      "integrity": "sha512-+7ziBLidS4NaNCdt57SUDT+wYmmd5fmiQejUic/kb+YsYSCPyOOE9sebzMjNmQrsnNpDJqd4WHvV/8lfKfUDUg==",
      "dev": true,
      "license": "Apache-2.0",
      "dependencies": {
        "playwright-core": "1.63.0"
      },
      "bin": {
        "playwright": "cli.js"
      },
      "engines": {
        "node": ">=20"
      }
    },
    "node_modules/playwright-core": {
      "version": "1.63.0",
      "resolved": "https://registry.npmjs.org/playwright-core/-/playwright-core-1.63.0.tgz",
      "integrity": "sha512-rYCsBF/M5HjUch52bbtVONEFjv6Xu8sm8h72dNlR5bzIE1fvC/bxgspzkjSfU+MweEMmPM8KJebG6nnyxo5mCg==",
      "dev": true,
      "license": "Apache-2.0",
      "bin": {
        "playwright-core": "cli.js"
      },
      "engines": {
        "node": ">=20"
      }
    }
  }
}
